{
  "name": "capacitor-android-auto",
  "version": "1.0.0",
  "lockfileVersion": 3,
  "requires": true,
  "packages": {
    "": {
      "name": "capacitor-android-auto",
      "version": "1.0.0",
      "license": "MIT",
      "devDependencies": {
        "@capacitor/android": "^7.0.0",
        "@capacitor/core": "^7.0.0",
        "@capacitor/docgen": "^0.2.0",
        "@ionic/prettier-config": "^4.0.0",
        "prettier": "^3.0.0",
        "prettier-plugin-java": "^2.0.0",
        "rimraf": "^5.0.0",
        "rollup": "^4.0.0",
        "typescript": "~5.6.0"
      },
      "peerDependencies": {
        "@capacitor/core": "^7.0.0"
      }
    },
    "node_modules/@capacitor/android": {
      "version": "7.4.4",
      "resolved": "https://registry.npmjs.org/@capacitor/android/-/android-7.4.4.tgz",
      "integrity": "sha512-y8knfV1JXNrd6XZZLZireGT+EBCN0lvOo+HZ/s7L8LkrPBu4nY5UZn0Wxz4yOezItEII9rqYJSHsS5fMJG9gdw==",
      "dev": true,
      "license": "MIT",
      "peerDependencies": {
        "@capacitor/core": "^7.4.0"
      }
    },
    "node_modules/@capacitor/core": {
      "version": "7.4.4",
      "resolved": "https://registry.npmjs.org/@capacitor/core/-/core-7.4.4.tgz",
        "ansi-regex": "^5.0.1"
      },
      "engines": {
        "node": ">=8"
      }
    },
    "node_modules/strip-ansi": {
      "version": "7.1.2",
      "resolved": "https://registry.npmjs.org/strip-ansi/-/strip-ansi-7.1.2.tgz",
      "integrity": "sha512-gmBGslpoQJtgnMAvOVqGZpEz9dyoKTCzy2nfz/n8aIFhN/jCE/rCmcxabB6jOOHV+0WNnylOxaxBQPSvcWklhA==",
      "dev": true,
      "license": "MIT",
      "dependencies": {
        "ansi-regex": "^6.0.1"
      },
      "engines": {
        "node": ">=12"
      },
      "funding": {
        "url": "https://github.com/chalk/strip-ansi?sponsor=1"
      }
    },
    "node_modules/strip-ansi-cjs": {
      "name": "strip-ansi",
      "version": "6.0.1",
      "resolved": "https://registry.npmjs.org/strip-ansi/-/strip-ansi-6.0.1.tgz",
      "integrity": "sha512-Y38VPSHcqkFrCpFnQ9vuSXmquuv5oXOKpGeT6aGrr3o3Gc9AlVa6JBfUSOCnbxGGZF+/0ooI7KrPuUSztUdU5A==",
      "dev": true,
      "license": "MIT",
      "dependencies": {
        "ansi-regex": "^5.0.1"
      },
